// !$*UTF8*$!
{
	archiveVersion = 1;
	classes = {
	};
	objectVersion = 46;
	objects = {

/* Begin PBXBuildFile section */
		F3782A901BD11C8C00FAB288 /* AppDelegate.swift in Sources */ = {isa = PBXBuildFile; fileRef = F3782A8F1BD11C8C00FAB288 /* AppDelegate.swift */; };
		F3782A921BD11C8C00FAB288 /* ViewController.swift in Sources */ = {isa = PBXBuildFile; fileRef = F3782A911BD11C8C00FAB288 /* ViewController.swift */; };
		F3782A951BD11C8C00FAB288 /* Main.storyboard in Resources */ = {isa = PBXBuildFile; fileRef = F3782A931BD11C8C00FAB288 /* Main.storyboard */; };
		F3782A971BD11C8C00FAB288 /* Assets.xcassets in Resources */ = {isa = PBXBuildFile; fileRef = F3782A961BD11C8C00FAB288 /* Assets.xcassets */; };
		F3782A9A1BD11C8C00FAB288 /* LaunchScreen.storyboard in Resources */ = {isa = PBXBuildFile; fileRef = F3782A981BD11C8C00FAB288 /* LaunchScreen.storyboard */; };
/* End PBXBuildFile section */

/* Begin PBXFileReference section */
		F3782A8C1BD11C8C00FAB288 /* Senior.app */ = {isa = PBXFileReference; explicitFileType = wrapper.application; includeInIndex = 0; path = Senior.app; sourceTree = BUILT_PRODUCTS_DIR; };
		F3782A8F1BD11C8C00FAB288 /* AppDelegate.swift */ = {isa = PBXFileReference; lastKnownFileType = sourcecode.swift; path = AppDelegate.swift; sourceTree = "<group>"; };
		F3782A911BD11C8C00FAB288 /* ViewController.swift */ = {isa = PBXFileReference; lastKnownFileType = sourcecode.swift; path = ViewController.swift; sourceTree = "<group>"; };
		F3782A941BD11C8C00FAB288 /* Base */ = {isa = PBXFileReference; lastKnownFileType = file.storyboard; name = Base; path = Base.lproj/Main.storyboard; sourceTree = "<group>"; };
		F3782A961BD11C8C00FAB288 /* Assets.xcassets */ = {isa = PBXFileReference; lastKnownFileType = folder.assetcatalog; path = Assets.xcassets; sourceTree = "<group>"; };
		F3782A991BD11C8C00FAB288 /* Base */ = {isa = PBXFileReference; lastKnownFileType = file.storyboard; name = Base; path = Base.lproj/LaunchScreen.storyboard; sourceTree = "<group>"; };
		F3782A9B1BD11C8C00FAB288 /* Info.plist */ = {isa = PBXFileReference; lastKnownFileType = text.plist.xml; path = Info.plist; sourceTree = "<group>"; };
/* End PBXFileReference section */

/* Begin PBXFrameworksBuildPhase section */
		F3782A891BD11C8C00FAB288 /* Frameworks */ = {
			isa = PBXFrameworksBuildPhase;
			buildActionMask = 2147483647;
			files = (
			);
			runOnlyForDeploymentPostprocessing = 0;
		};
/* End PBXFrameworksBuildPhase section */

/* Begin PBXGroup section */
		F3782A831BD11C8C00FAB288 = {
			isa = PBXGroup;
			children = (
				F3782A8E1BD11C8C00FAB288 /* Senior */,
				F3782A8D1BD11C8C00FAB288 /* Products */,
			);
			sourceTree = "<group>";
		};
		F3782A8D1BD11C8C00FAB288 /* Products */ = {
			isa = PBXGroup;
			children = (
				F3782A8C1BD11C8C00FAB288 /* Senior.app */,
			);
			name = Products;
			sourceTree = "<group>";
		};
		F3782A8E1BD11C8C00FAB288 /* Senior */ = {
			isa = PBXGroup;
			children = (
				F3782A8F1BD11C8C00FAB288 /* AppDelegate.swift */,
				F3782A911BD11C8C00FAB288 /* ViewController.swift */,
				F3782A931BD11C8C00FAB288 /* Main.storyboard */,
				F3782A961BD11C8C00FAB288 /* Assets.xcassets */,
				F3782A981BD11C8C00FAB288 /* LaunchScreen.storyboard */,
				F3782A9B1BD11C8C00FAB288 /* Info.plist */,
			);
			path = Senior;
			sourceTree = "<group>";
		};
/* End PBXGroup section */

/* Begin PBXNativeTarget section */
		F3782A8B1BD11C8C00FAB288 /* Senior */ = {
			isa = PBXNativeTarget;
			buildConfigurationList = F3782A9E1BD11C8C00FAB288 /* Build configuration list for PBXNativeTarget "Senior" */;
			buildPhases = (
				F3782A881BD11C8C00FAB288 /* Sources */,
				F3782A891BD11C8C00FAB288 /* Frameworks */,
				F3782A8A1BD11C8C00FAB288 /* Resources */,
			);
			buildRules = (
			);
			dependencies = (
			);
			name = Senior;
			productName = Senior;
			productReference = F3782A8C1BD11C8C00FAB288 /* Senior.app */;
			productType = "com.apple.product-type.application";
		};
/* End PBXNativeTarget section */

/* Begin PBXProject section */
		F3782A841BD11C8C00FAB288 /* Project object */ = {
			isa = PBXProject;
			attributes = {
				LastUpgradeCheck = 0700;
				ORGANIZATIONNAME = "Naphat Jindathanakit";
				TargetAttributes = {
					F3782A8B1BD11C8C00FAB288 = {
						CreatedOnToolsVersion = 7.0.1;
					};
				};
			};
			buildConfigurationList = F3782A871BD11C8C00FAB288 /* Build configuration list for PBXProject "Senior" */;
			compatibilityVersion = "Xcode 3.2";
			developmentRegion = English;
			hasScannedForEncodings = 0;
			knownRegions = (
				en,
				Base,
			);
			mainGroup = F3782A831BD11C8C00FAB288;
			productRefGroup = F3782A8D1BD11C8C00FAB288 /* Products */;
			projectDirPath = "";
			projectRoot = "";
			targets = (
				F3782A8B1BD11C8C00FAB288 /* Senior */,
			);
		};
/* End PBXProject section */

/* Begin PBXResourcesBuildPhase section */
		F3782A8A1BD11C8C00FAB288 /* Resources */ = {
			isa = PBXResourcesBuildPhase;
			buildActionMask = 2147483647;
			files = (
				F3782A9A1BD11C8C00FAB288 /* LaunchScreen.storyboard in Resources */,
				F3782A971BD11C8C00FAB288 /* Assets.xcassets in Resources */,
				F3782A951BD11C8C00FAB288 /* Main.storyboard in Resources */,
			);
			runOnlyForDeploymentPostprocessing = 0;
		};
/* End PBXResourcesBuildPhase section */

/* Begin PBXSourcesBuildPhase section */
		F3782A881BD11C8C00FAB288 /* Sources */ = {
			isa = PBXSourcesBuildPhase;
			buildActionMask = 2147483647;
			files = (
				F3782A921BD11C8C00FAB288 /* ViewController.swift in Sources */,
				F3782A901BD11C8C00FAB288 /* AppDelegate.swift in Sources */,
			);
			runOnlyForDeploymentPostprocessing = 0;
		};
/* End PBXSourcesBuildPhase section */

/* Begin PBXVariantGroup section */
		F3782A931BD11C8C00FAB288 /* Main.storyboard */ = {
			isa = PBXVariantGroup;
			children = (
				F3782A941BD11C8C00FAB288 /* Base */,
			);
			name = Main.storyboard;
			sourceTree = "<group>";
		};
		F3782A981BD11C8C00FAB288 /* LaunchScreen.storyboard */ = {
			isa = PBXVariantGroup;
			children = (
				F3782A991BD11C8C00FAB288 /* Base */,
			);
			name = LaunchScreen.storyboard;
			sourceTree = "<group>";
		};
/* End PBXVariantGroup section */

/* Begin XCBuildConfiguration section */
		F3782A9C1BD11C8C00FAB288 /* Debug */ = {
			isa = XCBuildConfiguration;
			buildSettings = {
				ALWAYS_SEARCH_USER_PATHS = NO;
				CLANG_CXX_LANGUAGE_STANDARD = "gnu++0x";
				CLANG_CXX_LIBRARY = "libc++";
				CLANG_ENABLE_MODULES = YES;
				CLANG_ENABLE_OBJC_ARC = YES;
				CLANG_WARN_BOOL_CONVERSION = YES;
				CLANG_WARN_CONSTANT_CONVERSION = YES;
				CLANG_WARN_DIRECT_OBJC_ISA_USAGE = YES_ERROR;
				CLANG_WARN_EMPTY_BODY = YES;
				CLANG_WARN_ENUM_CONVERSION = YES;
				CLANG_WARN_INT_CONVERSION = YES;
				CLANG_WARN_OBJC_ROOT_CLASS = YES_ERROR;
				CLANG_WARN_UNREACHABLE_CODE = YES;
				CLANG_WARN__DUPLICATE_METHOD_MATCH = YES;
				"CODE_SIGN_IDENTITY[sdk=iphoneos*]" = "iPhone Developer";
				COPY_PHASE_STRIP = NO;
				DEBUG_INFORMATION_FORMAT = dwarf;
				ENABLE_STRICT_OBJC_MSGSEND = YES;
				ENABLE_TESTABILITY = YES;
				GCC_C_LANGUAGE_STANDARD = gnu99;
				GCC_DYNAMIC_NO_PIC = NO;
				GCC_NO_COMMON_BLOCKS = YES;
				GCC_OPTIMIZATION_LEVEL = 0;
				GCC_PREPROCESSOR_DEFINITIONS = (
					"DEBUG=1",
					"$(inherited)",
				);
				GCC_WARN_64_TO_32_BIT_CONVERSION = YES;
				GCC_WARN_ABOUT_RETURN_TYPE = YES_ERROR;
				GCC_WARN_UNDECLARED_SELECTOR = YES;
				GCC_WARN_UNINITIALIZED_AUTOS = YES_AGGRESSIVE;
				GCC_WARN_UNUSED_FUNCTION = YES;
				GCC_WARN_UNUSED_VARIABLE = YES;
				IPHONEOS_DEPLOYMENT_TARGET = 9.0;
				MTL_ENABLE_DEBUG_INFO = YES;
				ONLY_ACTIVE_ARCH = YES;
				SDKROOT = iphoneos;
				SWIFT_OPTIMIZATION_LEVEL = "-Onone";
				TARGETED_DEVICE_FAMILY = "1,2";
			};
			name = Debug;
		};
		F3782A9D1BD11C8C00FAB288 /* Release */ = {
			isa = XCBuildConfiguration;
			buildSettings = {
				ALWAYS_SEARCH_USER_PATHS = NO;
				CLANG_CXX_LANGUAGE_STANDARD = "gnu++0x";
				CLANG_CXX_LIBRARY = "libc++";
				CLANG_ENABLE_MODULES = YES;
				CLANG_ENABLE_OBJC_ARC = YES;
				CLANG_WARN_BOOL_CONVERSION = YES;
				CLANG_WARN_CONSTANT_CONVERSION = YES;
				CLANG_WARN_DIRECT_OBJC_ISA_USAGE = YES_ERROR;
				CLANG_WARN_EMPTY_BODY = YES;
				CLANG_WARN_ENUM_CONVERSION = YES;
				CLANG_WARN_INT_CONVERSION = YES;
				CLANG_WARN_OBJC_ROOT_CLASS = YES_ERROR;
				CLANG_WARN_UNREACHABLE_CODE = YES;
				CLANG_WARN__DUPLICATE_METHOD_MATCH = YES;
				"CODE_SIGN_IDENTITY[sdk=iphoneos*]" = "iPhone Developer";
				COPY_PHASE_STRIP = NO;
				DEBUG_INFORMATION_FORMAT = "dwarf-with-dsym";
				ENABLE_NS_ASSERTIONS = NO;
				ENABLE_STRICT_OBJC_MSGSEND = YES;
				GCC_C_LANGUAGE_STANDARD = gnu99;
				GCC_NO_COMMON_BLOCKS = YES;
				GCC_WARN_64_TO_32_BIT_CONVERSION = YES;
				GCC_WARN_ABOUT_RETURN_TYPE = YES_ERROR;
				GCC_WARN_UNDECLARED_SELECTOR = YES;
				GCC_WARN_UNINITIALIZED_AUTOS = YES_AGGRESSIVE;
				GCC_WARN_UNUSED_FUNCTION = YES;
				GCC_WARN_UNUSED_VARIABLE = YES;
				IPHONEOS_DEPLOYMENT_TARGET = 9.0;
				MTL_ENABLE_DEBUG_INFO = NO;
				SDKROOT = iphoneos;
				TARGETED_DEVICE_FAMILY = "1,2";
				VALIDATE_PRODUCT = YES;
			};
			name = Release;
		};
		F3782A9F1BD11C8C00FAB288 /* Debug */ = {
			isa = XCBuildConfiguration;
			buildSettings = {
				ASSETCATALOG_COMPILER_APPICON_NAME = AppIcon;
				INFOPLIST_FILE = Senior/Info.plist;
				LD_RUNPATH_SEARCH_PATHS = "$(inherited) @executable_path/Frameworks";
				PRODUCT_BUNDLE_IDENTIFIER = com.cpekmutt.project.Senior;
				PRODUCT_NAME = "$(TARGET_NAME)";
			};
			name = Debug;
		};
		F3782AA01BD11C8C00FAB288 /* Release */ = {
			isa = XCBuildConfiguration;
			buildSettings = {
				ASSETCATALOG_COMPILER_APPICON_NAME = AppIcon;
				INFOPLIST_FILE = Senior/Info.plist;
				LD_RUNPATH_SEARCH_PATHS = "$(inherited) @executable_path/Frameworks";
				PRODUCT_BUNDLE_IDENTIFIER = com.cpekmutt.project.Senior;
				PRODUCT_NAME = "$(TARGET_NAME)";
			};
			name = Release;
		};
/* End XCBuildConfiguration section */

/* Begin XCConfigurationList section */
		F3782A871BD11C8C00FAB288 /* Build configuration list for PBXProject "Senior" */ = {
			isa = XCConfigurationList;
			buildConfigurations = (
				F3782A9C1BD11C8C00FAB288 /* Debug */,
				F3782A9D1BD11C8C00FAB288 /* Release */,
			);
			defaultConfigurationIsVisible = 0;
			defaultConfigurationName = Release;
		};
		F3782A9E1BD11C8C00FAB288 /* Build configuration list for PBXNativeTarget "Senior" */ = {
			isa = XCConfigurationList;
			buildConfigurations = (
				F3782A9F1BD11C8C00FAB288 /* Debug */,
				F3782AA01BD11C8C00FAB288 /* Release */,
			);
			defaultConfigurationIsVisible = 0;
		};
/* End XCConfigurationList section */
	};
	rootObject = F3782A841BD11C8C00FAB288 /* Project object */;
}
